
Microsoft Visual Studio Solution File, Format Version 12.00
# Visual Studio Version 16
VisualStudioVersion = 16.0.29911.84
MinimumVisualStudioVersion = 10.0.40219.1
Project("{FAE04EC0-301F-11D3-BF4B-00C04F79EFBC}") = "SimpleJsonLibrary", "SimpleJsonLibrary\SimpleJsonLibrary.csproj", "{93BECDCC-E850-4429-B819-56CFB948DBB0}"
EndProject
Global
	GlobalSection(SolutionConfigurationPlatforms) = preSolution
		Debug|Any CPU = Debug|Any CPU
		Release|Any CPU = Release|Any CPU
	EndGlobalSection
	GlobalSection(ProjectConfigurationPlatforms) = postSolution
		{93BECDCC-E850-4429-B819-56CFB948DBB0}.Debug|Any CPU.ActiveCfg = Debug|Any CPU
		{93BECDCC-E850-4429-B819-56CFB948DBB0}.Debug|Any CPU.Build.0 = Debug|Any CPU
		{93BECDCC-E850-4429-B819-56CFB948DBB0}.Release|Any CPU.ActiveCfg = Release|Any CPU
		{93BECDCC-E850-4429-B819-56CFB948DBB0}.Release|Any CPU.Build.0 = Release|Any CPU
	EndGlobalSection
	GlobalSection(SolutionProperties) = preSolution
		HideSolutionNode = FALSE
	EndGlobalSection
	GlobalSection(ExtensibilityGlobals) = postSolution
		SolutionGuid = {FB46096B-E816-4985-88E0-97264A5F9926}
	EndGlobalSection
EndGlobal
