
Microsoft Visual Studio Solution File, Format Version 12.00
# Visual Studio Version 16
VisualStudioVersion = 16.0.29911.84
MinimumVisualStudioVersion = 10.0.40219.1
Project("{9A19103F-16F7-4668-BE54-9A1E7A4F7556}") = "SimpleJsonLibrary", "SimpleJsonLibrary\SimpleJsonLibrary.csproj", "{93BECDCC-E850-4429-B819-56CFB948DBB0}"
EndProject
Project("{9A19103F-16F7-4668-BE54-9A1E7A4F7556}") = "SimpleJsonTester", "..\SimpleJsonTester\SimpleJsonTester\SimpleJsonTester.csproj", "{E5BFAD18-B3C4-4025-A41B-6AE0C668B43B}"
EndProject
Global
	GlobalSection(SolutionConfigurationPlatforms) = preSolution
		Debug|Any CPU = Debug|Any CPU
		Release|Any CPU = Release|Any CPU
	EndGlobalSection
	GlobalSection(ProjectConfigurationPlatforms) = postSolution
		{93BECDCC-E850-4429-B819-56CFB948DBB0}.Debug|Any CPU.ActiveCfg = Debug|Any CPU
		{93BECDCC-E850-4429-B819-56CFB948DBB0}.Debug|Any CPU.Build.0 = Debug|Any CPU
		{93BECDCC-E850-4429-B819-56CFB948DBB0}.Release|Any CPU.ActiveCfg = Release|Any CPU
		{93BECDCC-E850-4429-B819-56CFB948DBB0}.Release|Any CPU.Build.0 = Release|Any CPU
		{E5BFAD18-B3C4-4025-A41B-6AE0C668B43B}.Debug|Any CPU.ActiveCfg = Debug|Any CPU
		{E5BFAD18-B3C4-4025-A41B-6AE0C668B43B}.Debug|Any CPU.Build.0 = Debug|Any CPU
		{E5BFAD18-B3C4-4025-A41B-6AE0C668B43B}.Release|Any CPU.ActiveCfg = Release|Any CPU
		{E5BFAD18-B3C4-4025-A41B-6AE0C668B43B}.Release|Any CPU.Build.0 = Release|Any CPU
	EndGlobalSection
	GlobalSection(SolutionProperties) = preSolution
		HideSolutionNode = FALSE
	EndGlobalSection
	GlobalSection(ExtensibilityGlobals) = postSolution
		SolutionGuid = {FB46096B-E816-4985-88E0-97264A5F9926}
	EndGlobalSection
EndGlobal
